
Microsoft Visual Studio Solution File, Format Version 12.00
# Visual Studio Version 17
VisualStudioVersion = 17.0.31903.59
MinimumVisualStudioVersion = 10.0.40219.1
Project("{FAE04EC0-301F-11D3-BF4B-00C04F79EFBC}") = "RatchetPs2.Cli", "src\RatchetPs2.Cli\RatchetPs2.Cli.csproj", "{A1C4A7C9-55C3-4D45-A754-E7A5F7D41FE1}"
EndProject
Project("{2150E333-8FDC-42A3-9474-1A3956D46DE8}") = "src", "src", "{14A9A38D-1268-4DC4-AD46-186592C8A0D9}"
EndProject
Project("{FAE04EC0-301F-11D3-BF4B-00C04F79EFBC}") = "RatchetPs2.Core", "src\RatchetPs2.Core\RatchetPs2.Core.csproj", "{A883CE7F-0C1A-41D3-8386-B873BD1661A6}"
EndProject
Project("{FAE04EC0-301F-11D3-BF4B-00C04F79EFBC}") = "RatchetPs2.Games.RC1", "src\RatchetPs2.Games.RC1\RatchetPs2.Games.RC1.csproj", "{96665F76-7B36-49C7-96EE-971ED7779CDC}"
EndProject
Project("{FAE04EC0-301F-11D3-BF4B-00C04F79EFBC}") = "RatchetPs2.Games.GC", "src\RatchetPs2.Games.GC\RatchetPs2.Games.GC.csproj", "{2B116A5E-3D63-4047-AA3F-FEB5EC1089B2}"
EndProject
Project("{FAE04EC0-301F-11D3-BF4B-00C04F79EFBC}") = "RatchetPs2.Games.UYA", "src\RatchetPs2.Games.UYA\RatchetPs2.Games.UYA.csproj", "{FE62A1F4-05CF-4CDB-9E9A-5807E6CAB12C}"
EndProject
Project("{FAE04EC0-301F-11D3-BF4B-00C04F79EFBC}") = "RatchetPs2.Games.DL", "src\RatchetPs2.Games.DL\RatchetPs2.Games.DL.csproj", "{DB6F9941-E115-4D1F-84E3-64AE9A32192D}"
EndProject
Project("{FAE04EC0-301F-11D3-BF4B-00C04F79EFBC}") = "RatchetPs2.Sdk", "src\RatchetPs2.Sdk\RatchetPs2.Sdk.csproj", "{851A8E54-27E8-4CA9-B50E-E5F755A1B6F0}"
EndProject
Project("{FAE04EC0-301F-11D3-BF4B-00C04F79EFBC}") = "RatchetPs2.TypeScriptSdk.Generator", "src\RatchetPs2.TypeScriptSdk.Generator\RatchetPs2.TypeScriptSdk.Generator.csproj", "{A99B6C0A-BE3D-4F8A-9E9A-4D2369B5F121}"
EndProject
Project("{FAE04EC0-301F-11D3-BF4B-00C04F79EFBC}") = "RatchetPs2.Experimental", "src\RatchetPs2.Experimental\RatchetPs2.Experimental.csproj", "{4741E03D-3FE5-43FF-ABB5-E6E7107864F8}"
EndProject
Project("{2150E333-8FDC-42A3-9474-1A3956D46DE8}") = "tests", "tests", "{0ED5DB14-DC73-4AB9-8800-466C737A06A1}"
EndProject
Project("{FAE04EC0-301F-11D3-BF4B-00C04F79EFBC}") = "RatchetPs2.RoundtripTests", "tests\RatchetPs2.RoundtripTests\RatchetPs2.RoundtripTests.csproj", "{DA87DBFA-E620-4214-BB7D-454DD7B904E8}"
EndProject
Project("{FAE04EC0-301F-11D3-BF4B-00C04F79EFBC}") = "RatchetPs2.TieTests", "tests\RatchetPs2.TieTests\RatchetPs2.TieTests.csproj", "{D664D2C8-A0A5-4190-94B6-7C84E1BA6FAD}"
EndProject
Project("{FAE04EC0-301F-11D3-BF4B-00C04F79EFBC}") = "RatchetPs2.SkyboxTests", "tests\RatchetPs2.SkyboxTests\RatchetPs2.SkyboxTests.csproj", "{CC6FACA7-BD43-4362-943F-CBEAFA0F5475}"
EndProject
Project("{FAE04EC0-301F-11D3-BF4B-00C04F79EFBC}") = "RatchetPs2.LevelTests", "tests\RatchetPs2.LevelTests\RatchetPs2.LevelTests.csproj", "{9C02D0F0-F860-4F2B-AD91-F8E58C78E5D2}"
EndProject
Global
	GlobalSection(SolutionConfigurationPlatforms) = preSolution
		Debug|Any CPU = Debug|Any CPU
		Release|Any CPU = Release|Any CPU
	EndGlobalSection
	GlobalSection(ProjectConfigurationPlatforms) = postSolution
		{A1C4A7C9-55C3-4D45-A754-E7A5F7D41FE1}.Debug|Any CPU.ActiveCfg = Debug|Any CPU
		{A1C4A7C9-55C3-4D45-A754-E7A5F7D41FE1}.Debug|Any CPU.Build.0 = Debug|Any CPU
		{A1C4A7C9-55C3-4D45-A754-E7A5F7D41FE1}.Release|Any CPU.ActiveCfg = Release|Any CPU
		{A1C4A7C9-55C3-4D45-A754-E7A5F7D41FE1}.Release|Any CPU.Build.0 = Release|Any CPU
		{A883CE7F-0C1A-41D3-8386-B873BD1661A6}.Debug|Any CPU.ActiveCfg = Debug|Any CPU
		{A883CE7F-0C1A-41D3-8386-B873BD1661A6}.Debug|Any CPU.Build.0 = Debug|Any CPU
		{A883CE7F-0C1A-41D3-8386-B873BD1661A6}.Release|Any CPU.ActiveCfg = Release|Any CPU
		{A883CE7F-0C1A-41D3-8386-B873BD1661A6}.Release|Any CPU.Build.0 = Release|Any CPU
		{96665F76-7B36-49C7-96EE-971ED7779CDC}.Debug|Any CPU.ActiveCfg = Debug|Any CPU
		{96665F76-7B36-49C7-96EE-971ED7779CDC}.Debug|Any CPU.Build.0 = Debug|Any CPU
		{96665F76-7B36-49C7-96EE-971ED7779CDC}.Release|Any CPU.ActiveCfg = Release|Any CPU
		{96665F76-7B36-49C7-96EE-971ED7779CDC}.Release|Any CPU.Build.0 = Release|Any CPU
		{2B116A5E-3D63-4047-AA3F-FEB5EC1089B2}.Debug|Any CPU.ActiveCfg = Debug|Any CPU
		{2B116A5E-3D63-4047-AA3F-FEB5EC1089B2}.Debug|Any CPU.Build.0 = Debug|Any CPU
		{2B116A5E-3D63-4047-AA3F-FEB5EC1089B2}.Release|Any CPU.ActiveCfg = Release|Any CPU
		{2B116A5E-3D63-4047-AA3F-FEB5EC1089B2}.Release|Any CPU.Build.0 = Release|Any CPU
		{FE62A1F4-05CF-4CDB-9E9A-5807E6CAB12C}.Debug|Any CPU.ActiveCfg = Debug|Any CPU
		{FE62A1F4-05CF-4CDB-9E9A-5807E6CAB12C}.Debug|Any CPU.Build.0 = Debug|Any CPU
		{FE62A1F4-05CF-4CDB-9E9A-5807E6CAB12C}.Release|Any CPU.ActiveCfg = Release|Any CPU
		{FE62A1F4-05CF-4CDB-9E9A-5807E6CAB12C}.Release|Any CPU.Build.0 = Release|Any CPU
		{DB6F9941-E115-4D1F-84E3-64AE9A32192D}.Debug|Any CPU.ActiveCfg = Debug|Any CPU
		{DB6F9941-E115-4D1F-84E3-64AE9A32192D}.Debug|Any CPU.Build.0 = Debug|Any CPU
		{DB6F9941-E115-4D1F-84E3-64AE9A32192D}.Release|Any CPU.ActiveCfg = Release|Any CPU
		{DB6F9941-E115-4D1F-84E3-64AE9A32192D}.Release|Any CPU.Build.0 = Release|Any CPU
		{851A8E54-27E8-4CA9-B50E-E5F755A1B6F0}.Debug|Any CPU.ActiveCfg = Debug|Any CPU
		{851A8E54-27E8-4CA9-B50E-E5F755A1B6F0}.Debug|Any CPU.Build.0 = Debug|Any CPU
		{851A8E54-27E8-4CA9-B50E-E5F755A1B6F0}.Release|Any CPU.ActiveCfg = Release|Any CPU
		{851A8E54-27E8-4CA9-B50E-E5F755A1B6F0}.Release|Any CPU.Build.0 = Release|Any CPU
		{A99B6C0A-BE3D-4F8A-9E9A-4D2369B5F121}.Debug|Any CPU.ActiveCfg = Debug|Any CPU
		{A99B6C0A-BE3D-4F8A-9E9A-4D2369B5F121}.Debug|Any CPU.Build.0 = Debug|Any CPU
		{A99B6C0A-BE3D-4F8A-9E9A-4D2369B5F121}.Release|Any CPU.ActiveCfg = Release|Any CPU
		{A99B6C0A-BE3D-4F8A-9E9A-4D2369B5F121}.Release|Any CPU.Build.0 = Release|Any CPU
		{4741E03D-3FE5-43FF-ABB5-E6E7107864F8}.Debug|Any CPU.ActiveCfg = Debug|Any CPU
		{4741E03D-3FE5-43FF-ABB5-E6E7107864F8}.Debug|Any CPU.Build.0 = Debug|Any CPU
		{4741E03D-3FE5-43FF-ABB5-E6E7107864F8}.Release|Any CPU.ActiveCfg = Release|Any CPU
		{4741E03D-3FE5-43FF-ABB5-E6E7107864F8}.Release|Any CPU.Build.0 = Release|Any CPU
		{DA87DBFA-E620-4214-BB7D-454DD7B904E8}.Debug|Any CPU.ActiveCfg = Debug|Any CPU
		{DA87DBFA-E620-4214-BB7D-454DD7B904E8}.Debug|Any CPU.Build.0 = Debug|Any CPU
		{DA87DBFA-E620-4214-BB7D-454DD7B904E8}.Release|Any CPU.ActiveCfg = Release|Any CPU
		{DA87DBFA-E620-4214-BB7D-454DD7B904E8}.Release|Any CPU.Build.0 = Release|Any CPU
		{D664D2C8-A0A5-4190-94B6-7C84E1BA6FAD}.Debug|Any CPU.ActiveCfg = Debug|Any CPU
		{D664D2C8-A0A5-4190-94B6-7C84E1BA6FAD}.Debug|Any CPU.Build.0 = Debug|Any CPU
		{D664D2C8-A0A5-4190-94B6-7C84E1BA6FAD}.Release|Any CPU.ActiveCfg = Release|Any CPU
		{D664D2C8-A0A5-4190-94B6-7C84E1BA6FAD}.Release|Any CPU.Build.0 = Release|Any CPU
		{CC6FACA7-BD43-4362-943F-CBEAFA0F5475}.Debug|Any CPU.ActiveCfg = Debug|Any CPU
		{CC6FACA7-BD43-4362-943F-CBEAFA0F5475}.Debug|Any CPU.Build.0 = Debug|Any CPU
		{CC6FACA7-BD43-4362-943F-CBEAFA0F5475}.Release|Any CPU.ActiveCfg = Release|Any CPU
		{CC6FACA7-BD43-4362-943F-CBEAFA0F5475}.Release|Any CPU.Build.0 = Release|Any CPU
		{9C02D0F0-F860-4F2B-AD91-F8E58C78E5D2}.Debug|Any CPU.ActiveCfg = Debug|Any CPU
		{9C02D0F0-F860-4F2B-AD91-F8E58C78E5D2}.Debug|Any CPU.Build.0 = Debug|Any CPU
		{9C02D0F0-F860-4F2B-AD91-F8E58C78E5D2}.Release|Any CPU.ActiveCfg = Release|Any CPU
		{9C02D0F0-F860-4F2B-AD91-F8E58C78E5D2}.Release|Any CPU.Build.0 = Release|Any CPU
	EndGlobalSection
	GlobalSection(SolutionProperties) = preSolution
		HideSolutionNode = FALSE
	EndGlobalSection
	GlobalSection(NestedProjects) = preSolution
		{A883CE7F-0C1A-41D3-8386-B873BD1661A6} = {14A9A38D-1268-4DC4-AD46-186592C8A0D9}
		{96665F76-7B36-49C7-96EE-971ED7779CDC} = {14A9A38D-1268-4DC4-AD46-186592C8A0D9}
		{2B116A5E-3D63-4047-AA3F-FEB5EC1089B2} = {14A9A38D-1268-4DC4-AD46-186592C8A0D9}
		{FE62A1F4-05CF-4CDB-9E9A-5807E6CAB12C} = {14A9A38D-1268-4DC4-AD46-186592C8A0D9}
		{DB6F9941-E115-4D1F-84E3-64AE9A32192D} = {14A9A38D-1268-4DC4-AD46-186592C8A0D9}
		{851A8E54-27E8-4CA9-B50E-E5F755A1B6F0} = {14A9A38D-1268-4DC4-AD46-186592C8A0D9}
		{A99B6C0A-BE3D-4F8A-9E9A-4D2369B5F121} = {14A9A38D-1268-4DC4-AD46-186592C8A0D9}
		{4741E03D-3FE5-43FF-ABB5-E6E7107864F8} = {14A9A38D-1268-4DC4-AD46-186592C8A0D9}
		{DA87DBFA-E620-4214-BB7D-454DD7B904E8} = {0ED5DB14-DC73-4AB9-8800-466C737A06A1}
		{D664D2C8-A0A5-4190-94B6-7C84E1BA6FAD} = {0ED5DB14-DC73-4AB9-8800-466C737A06A1}
		{CC6FACA7-BD43-4362-943F-CBEAFA0F5475} = {0ED5DB14-DC73-4AB9-8800-466C737A06A1}
		{9C02D0F0-F860-4F2B-AD91-F8E58C78E5D2} = {0ED5DB14-DC73-4AB9-8800-466C737A06A1}
	EndGlobalSection
EndGlobal
